
Microsoft Visual Studio Solution File, Format Version 12.00
# Visual Studio for Mac
Project("{FAE04EC0-301F-11D3-BF4B-00C04F79EFBC}") = "Assembly-CSharp", "Assembly-CSharp.csproj", "{2DEBA77B-2EE6-B145-EAD9-FB65A6E36D85}"
EndProject
Project("{FAE04EC0-301F-11D3-BF4B-00C04F79EFBC}") = "Assembly-CSharp-Editor", "Assembly-CSharp-Editor.csproj", "{B84B67A9-8286-2517-B237-7DDCDE7BA3EF}"
EndProject
Global
	GlobalSection(SolutionConfigurationPlatforms) = preSolution
		Debug|Any CPU = Debug|Any CPU
		Release|Any CPU = Release|Any CPU
	EndGlobalSection
	GlobalSection(ProjectConfigurationPlatforms) = postSolution
		{2DEBA77B-2EE6-B145-EAD9-FB65A6E36D85}.Debug|Any CPU.ActiveCfg = Debug|Any CPU
		{2DEBA77B-2EE6-B145-EAD9-FB65A6E36D85}.Debug|Any CPU.Build.0 = Debug|Any CPU
		{2DEBA77B-2EE6-B145-EAD9-FB65A6E36D85}.Release|Any CPU.ActiveCfg = Release|Any CPU
		{2DEBA77B-2EE6-B145-EAD9-FB65A6E36D85}.Release|Any CPU.Build.0 = Release|Any CPU
		{B84B67A9-8286-2517-B237-7DDCDE7BA3EF}.Debug|Any CPU.ActiveCfg = Debug|Any CPU
		{B84B67A9-8286-2517-B237-7DDCDE7BA3EF}.Debug|Any CPU.Build.0 = Debug|Any CPU
		{B84B67A9-8286-2517-B237-7DDCDE7BA3EF}.Release|Any CPU.ActiveCfg = Release|Any CPU
		{B84B67A9-8286-2517-B237-7DDCDE7BA3EF}.Release|Any CPU.Build.0 = Release|Any CPU
	EndGlobalSection
	GlobalSection(SolutionProperties) = preSolution
		HideSolutionNode = FALSE
	EndGlobalSection
EndGlobal
